Microsoft Visual Studio Solution File, Format Version 10.00
# Visual Studio 2008
Project("{8BC9CEB8-8B4A-11D0-8D11-00A0C91BC942}") = "vc_bowo2", "VC_BOWO2\vc_bowo2.vcproj", "{2AFE2C54-2105-4BFE-9B87-71F099AA22BC}"
EndProject
Global
	GlobalSection(SolutionConfigurationPlatforms) = preSolution
		Debug|Win32 = Debug|Win32
		Release|Win32 = Release|Win32
	EndGlobalSection
	GlobalSection(ProjectConfigurationPlatforms) = postSolution
		{2AFE2C54-2105-4BFE-9B87-71F099AA22BC}.Debug|Win32.ActiveCfg = Debug|Win32
		{2AFE2C54-2105-4BFE-9B87-71F099AA22BC}.Debug|Win32.Build.0 = Debug|Win32
		{2AFE2C54-2105-4BFE-9B87-71F099AA22BC}.Release|Win32.ActiveCfg = Release|Win32
		{2AFE2C54-2105-4BFE-9B87-71F099AA22BC}.Release|Win32.Build.0 = Release|Win32
	EndGlobalSection
	GlobalSection(SolutionProperties) = preSolution
		HideSolutionNode = FALSE
	EndGlobalSection
EndGlobal
